
Microsoft Visual Studio Solution File, Format Version 12.00
# Visual Studio 14
VisualStudioVersion = 14.0.22609.0
MinimumVisualStudioVersion = 10.0.40219.1
Project("{FAE04EC0-301F-11D3-BF4B-00C04F79EFBC}") = "Log635Lab3", "Log635Lab3\Log635Lab3.csproj", "{BE9A84DC-01B2-4EA1-B4BA-D8402FFDB803}"
EndProject
Project("{2150E333-8FDC-42A3-9474-1A3956D46DE8}") = "Solution Items", "Solution Items", "{9132B00C-5FA1-447E-8DBA-98F198C3EBE9}"
EndProject
Global
	GlobalSection(SolutionConfigurationPlatforms) = preSolution
		Debug|Any CPU = Debug|Any CPU
		Release|Any CPU = Release|Any CPU
	EndGlobalSection
	GlobalSection(ProjectConfigurationPlatforms) = postSolution
		{BE9A84DC-01B2-4EA1-B4BA-D8402FFDB803}.Debug|Any CPU.ActiveCfg = Debug|Any CPU
		{BE9A84DC-01B2-4EA1-B4BA-D8402FFDB803}.Debug|Any CPU.Build.0 = Debug|Any CPU
		{BE9A84DC-01B2-4EA1-B4BA-D8402FFDB803}.Release|Any CPU.ActiveCfg = Release|Any CPU
		{BE9A84DC-01B2-4EA1-B4BA-D8402FFDB803}.Release|Any CPU.Build.0 = Release|Any CPU
	EndGlobalSection
	GlobalSection(SolutionProperties) = preSolution
		HideSolutionNode = FALSE
	EndGlobalSection
EndGlobal
